// !$*UTF8*$!
{
	archiveVersion = 1;
	classes = {
	};
	objectVersion = 46;
	objects = {

/* Begin PBXBuildFile section */
		708D581E19E256310063A57F /* APRoundedButton.m in Sources */ = {isa = PBXBuildFile; fileRef = 708D581D19E256310063A57F /* APRoundedButton.m */; };
		708D582019E2564C0063A57F /* QuartzCore.framework in Frameworks */ = {isa = PBXBuildFile; fileRef = 708D581F19E2564C0063A57F /* QuartzCore.framework */; };
		7098E19119E23EF900166675 /* main.m in Sources */ = {isa = PBXBuildFile; fileRef = 7098E19019E23EF900166675 /* main.m */; };
		7098E19419E23EF900166675 /* AppDelegate.m in Sources */ = {isa = PBXBuildFile; fileRef = 7098E19319E23EF900166675 /* AppDelegate.m */; };
		7098E19719E23EF900166675 /* ViewController.m in Sources */ = {isa = PBXBuildFile; fileRef = 7098E19619E23EF900166675 /* ViewController.m */; };
		7098E19A19E23EF900166675 /* Main.storyboard in Resources */ = {isa = PBXBuildFile; fileRef = 7098E19819E23EF900166675 /* Main.storyboard */; };
		7098E19C19E23EF900166675 /* Images.xcassets in Resources */ = {isa = PBXBuildFile; fileRef = 7098E19B19E23EF900166675 /* Images.xcassets */; };
		7098E19F19E23EF900166675 /* LaunchScreen.xib in Resources */ = {isa = PBXBuildFile; fileRef = 7098E19D19E23EF900166675 /* LaunchScreen.xib */; };
		7098E1AB19E23EFA00166675 /* GRE_WritingTests.m in Sources */ = {isa = PBXBuildFile; fileRef = 7098E1AA19E23EFA00166675 /* GRE_WritingTests.m */; };
		7098E1B519E23F1600166675 /* GRE149.plist in Resources */ = {isa = PBXBuildFile; fileRef = 7098E1B419E23F1600166675 /* GRE149.plist */; };
		7098E1B719E2465B00166675 /* GRE174.plist in Resources */ = {isa = PBXBuildFile; fileRef = 7098E1B619E2465B00166675 /* GRE174.plist */; };
		7098E1BA19E2492200166675 /* EssayViewController.m in Sources */ = {isa = PBXBuildFile; fileRef = 7098E1B919E2492200166675 /* EssayViewController.m */; };
		7098E1BD19E2499D00166675 /* ArgumentViewController.m in Sources */ = {isa = PBXBuildFile; fileRef = 7098E1BC19E2499D00166675 /* ArgumentViewController.m */; };
/* End PBXBuildFile section */

/* Begin PBXContainerItemProxy section */
		7098E1A519E23EFA00166675 /* PBXContainerItemProxy */ = {
			isa = PBXContainerItemProxy;
			containerPortal = 7098E18319E23EF900166675 /* Project object */;
			proxyType = 1;
			remoteGlobalIDString = 7098E18A19E23EF900166675;
			remoteInfo = "GRE Writing";
		};
/* End PBXContainerItemProxy section */

/* Begin PBXFileReference section */
		708D581C19E256310063A57F /* APRoundedButton.h */ = {isa = PBXFileReference; fileEncoding = 4; lastKnownFileType = sourcecode.c.h; path = APRoundedButton.h; sourceTree = "<group>"; };
		708D581D19E256310063A57F /* APRoundedButton.m */ = {isa = PBXFileReference; fileEncoding = 4; lastKnownFileType = sourcecode.c.objc; path = APRoundedButton.m; sourceTree = "<group>"; };
		708D581F19E2564C0063A57F /* QuartzCore.framework */ = {isa = PBXFileReference; lastKnownFileType = wrapper.framework; name = QuartzCore.framework; path = System/Library/Frameworks/QuartzCore.framework; sourceTree = SDKROOT; };
		7098E18B19E23EF900166675 /* GRE Writing.app */ = {isa = PBXFileReference; explicitFileType = wrapper.application; includeInIndex = 0; path = "GRE Writing.app"; sourceTree = BUILT_PRODUCTS_DIR; };
		7098E18F19E23EF900166675 /* Info.plist */ = {isa = PBXFileReference; lastKnownFileType = text.plist.xml; path = Info.plist; sourceTree = "<group>"; };
		7098E19019E23EF900166675 /* main.m */ = {isa = PBXFileReference; lastKnownFileType = sourcecode.c.objc; path = main.m; sourceTree = "<group>"; };
		7098E19219E23EF900166675 /* AppDelegate.h */ = {isa = PBXFileReference; lastKnownFileType = sourcecode.c.h; path = AppDelegate.h; sourceTree = "<group>"; };
		7098E19319E23EF900166675 /* AppDelegate.m */ = {isa = PBXFileReference; lastKnownFileType = sourcecode.c.objc; path = AppDelegate.m; sourceTree = "<group>"; };
		7098E19519E23EF900166675 /* ViewController.h */ = {isa = PBXFileReference; lastKnownFileType = sourcecode.c.h; path = ViewController.h; sourceTree = "<group>"; };
		7098E19619E23EF900166675 /* ViewController.m */ = {isa = PBXFileReference; lastKnownFileType = sourcecode.c.objc; path = ViewController.m; sourceTree = "<group>"; };
		7098E19919E23EF900166675 /* Base */ = {isa = PBXFileReference; lastKnownFileType = file.storyboard; name = Base; path = Base.lproj/Main.storyboard; sourceTree = "<group>"; };
		7098E19B19E23EF900166675 /* Images.xcassets */ = {isa = PBXFileReference; lastKnownFileType = folder.assetcatalog; path = Images.xcassets; sourceTree = "<group>"; };
		7098E19E19E23EF900166675 /* Base */ = {isa = PBXFileReference; lastKnownFileType = file.xib; name = Base; path = Base.lproj/LaunchScreen.xib; sourceTree = "<group>"; };
		7098E1A419E23EFA00166675 /* GRE WritingTests.xctest */ = {isa = PBXFileReference; explicitFileType = wrapper.cfbundle; includeInIndex = 0; path = "GRE WritingTests.xctest"; sourceTree = BUILT_PRODUCTS_DIR; };
		7098E1A919E23EFA00166675 /* Info.plist */ = {isa = PBXFileReference; lastKnownFileType = text.plist.xml; path = Info.plist; sourceTree = "<group>"; };
		7098E1AA19E23EFA00166675 /* GRE_WritingTests.m */ = {isa = PBXFileReference; lastKnownFileType = sourcecode.c.objc; path = GRE_WritingTests.m; sourceTree = "<group>"; };
		7098E1B419E23F1600166675 /* GRE149.plist */ = {isa = PBXFileReference; fileEncoding = 4; lastKnownFileType = text.plist.xml; name = GRE149.plist; path = ../GRE149.plist; sourceTree = "<group>"; };
		7098E1B619E2465B00166675 /* GRE174.plist */ = {isa = PBXFileReference; fileEncoding = 4; lastKnownFileType = text.plist.xml; name = GRE174.plist; path = ../GRE174.plist; sourceTree = "<group>"; };
		7098E1B819E2492200166675 /* EssayViewController.h */ = {isa = PBXFileReference; fileEncoding = 4; lastKnownFileType = sourcecode.c.h; path = EssayViewController.h; sourceTree = "<group>"; };
		7098E1B919E2492200166675 /* EssayViewController.m */ = {isa = PBXFileReference; fileEncoding = 4; lastKnownFileType = sourcecode.c.objc; path = EssayViewController.m; sourceTree = "<group>"; };
		7098E1BB19E2499D00166675 /* ArgumentViewController.h */ = {isa = PBXFileReference; fileEncoding = 4; lastKnownFileType = sourcecode.c.h; path = ArgumentViewController.h; sourceTree = "<group>"; };
		7098E1BC19E2499D00166675 /* ArgumentViewController.m */ = {isa = PBXFileReference; fileEncoding = 4; lastKnownFileType = sourcecode.c.objc; path = ArgumentViewController.m; sourceTree = "<group>"; };
/* End PBXFileReference section */

/* Begin PBXFrameworksBuildPhase section */
		7098E18819E23EF900166675 /* Frameworks */ = {
			isa = PBXFrameworksBuildPhase;
			buildActionMask = 2147483647;
			files = (
				708D582019E2564C0063A57F /* QuartzCore.framework in Frameworks */,
			);
			runOnlyForDeploymentPostprocessing = 0;
		};
		7098E1A119E23EFA00166675 /* Frameworks */ = {
			isa = PBXFrameworksBuildPhase;
			buildActionMask = 2147483647;
			files = (
			);
			runOnlyForDeploymentPostprocessing = 0;
		};
/* End PBXFrameworksBuildPhase section */

/* Begin PBXGroup section */
		7098E18219E23EF900166675 = {
			isa = PBXGroup;
			children = (
				708D581F19E2564C0063A57F /* QuartzCore.framework */,
				7098E18D19E23EF900166675 /* GRE Writing */,
				7098E1A719E23EFA00166675 /* GRE WritingTests */,
				7098E18C19E23EF900166675 /* Products */,
			);
			sourceTree = "<group>";
		};
		7098E18C19E23EF900166675 /* Products */ = {
			isa = PBXGroup;
			children = (
				7098E18B19E23EF900166675 /* GRE Writing.app */,
				7098E1A419E23EFA00166675 /* GRE WritingTests.xctest */,
			);
			name = Products;
			sourceTree = "<group>";
		};
		7098E18D19E23EF900166675 /* GRE Writing */ = {
			isa = PBXGroup;
			children = (
				708D581C19E256310063A57F /* APRoundedButton.h */,
				708D581D19E256310063A57F /* APRoundedButton.m */,
				7098E1B419E23F1600166675 /* GRE149.plist */,
				7098E1B619E2465B00166675 /* GRE174.plist */,
				7098E19219E23EF900166675 /* AppDelegate.h */,
				7098E19319E23EF900166675 /* AppDelegate.m */,
				7098E19519E23EF900166675 /* ViewController.h */,
				7098E19619E23EF900166675 /* ViewController.m */,
				7098E19819E23EF900166675 /* Main.storyboard */,
				7098E1BB19E2499D00166675 /* ArgumentViewController.h */,
				7098E1BC19E2499D00166675 /* ArgumentViewController.m */,
				7098E1B819E2492200166675 /* EssayViewController.h */,
				7098E1B919E2492200166675 /* EssayViewController.m */,
				7098E19B19E23EF900166675 /* Images.xcassets */,
				7098E19D19E23EF900166675 /* LaunchScreen.xib */,
				7098E18E19E23EF900166675 /* Supporting Files */,
			);
			path = "GRE Writing";
			sourceTree = "<group>";
		};
		7098E18E19E23EF900166675 /* Supporting Files */ = {
			isa = PBXGroup;
			children = (
				7098E18F19E23EF900166675 /* Info.plist */,
				7098E19019E23EF900166675 /* main.m */,
			);
			name = "Supporting Files";
			sourceTree = "<group>";
		};
		7098E1A719E23EFA00166675 /* GRE WritingTests */ = {
			isa = PBXGroup;
			children = (
				7098E1AA19E23EFA00166675 /* GRE_WritingTests.m */,
				7098E1A819E23EFA00166675 /* Supporting Files */,
			);
			path = "GRE WritingTests";
			sourceTree = "<group>";
		};
		7098E1A819E23EFA00166675 /* Supporting Files */ = {
			isa = PBXGroup;
			children = (
				7098E1A919E23EFA00166675 /* Info.plist */,
			);
			name = "Supporting Files";
			sourceTree = "<group>";
		};
/* End PBXGroup section */

/* Begin PBXNativeTarget section */
		7098E18A19E23EF900166675 /* GRE Writing */ = {
			isa = PBXNativeTarget;
			buildConfigurationList = 7098E1AE19E23EFA00166675 /* Build configuration list for PBXNativeTarget "GRE Writing" */;
			buildPhases = (
				7098E18719E23EF900166675 /* Sources */,
				7098E18819E23EF900166675 /* Frameworks */,
				7098E18919E23EF900166675 /* Resources */,
			);
			buildRules = (
			);
			dependencies = (
			);
			name = "GRE Writing";
			productName = "GRE Writing";
			productReference = 7098E18B19E23EF900166675 /* GRE Writing.app */;
			productType = "com.apple.product-type.application";
		};
		7098E1A319E23EFA00166675 /* GRE WritingTests */ = {
			isa = PBXNativeTarget;
			buildConfigurationList = 7098E1B119E23EFA00166675 /* Build configuration list for PBXNativeTarget "GRE WritingTests" */;
			buildPhases = (
				7098E1A019E23EFA00166675 /* Sources */,
				7098E1A119E23EFA00166675 /* Frameworks */,
				7098E1A219E23EFA00166675 /* Resources */,
			);
			buildRules = (
			);
			dependencies = (
				7098E1A619E23EFA00166675 /* PBXTargetDependency */,
			);
			name = "GRE WritingTests";
			productName = "GRE WritingTests";
			productReference = 7098E1A419E23EFA00166675 /* GRE WritingTests.xctest */;
			productType = "com.apple.product-type.bundle.unit-test";
		};
/* End PBXNativeTarget section */

/* Begin PBXProject section */
		7098E18319E23EF900166675 /* Project object */ = {
			isa = PBXProject;
			attributes = {
				LastUpgradeCheck = 0600;
				ORGANIZATIONNAME = "Aditya Tannu";
				TargetAttributes = {
					7098E18A19E23EF900166675 = {
						CreatedOnToolsVersion = 6.0.1;
					};
					7098E1A319E23EFA00166675 = {
						CreatedOnToolsVersion = 6.0.1;
						TestTargetID = 7098E18A19E23EF900166675;
					};
				};
			};
			buildConfigurationList = 7098E18619E23EF900166675 /* Build configuration list for PBXProject "GRE Writing" */;
			compatibilityVersion = "Xcode 3.2";
			developmentRegion = English;
			hasScannedForEncodings = 0;
			knownRegions = (
				en,
				Base,
			);
			mainGroup = 7098E18219E23EF900166675;
			productRefGroup = 7098E18C19E23EF900166675 /* Products */;
			projectDirPath = "";
			projectRoot = "";
			targets = (
				7098E18A19E23EF900166675 /* GRE Writing */,
				7098E1A319E23EFA00166675 /* GRE WritingTests */,
			);
		};
/* End PBXProject section */

/* Begin PBXResourcesBuildPhase section */
		7098E18919E23EF900166675 /* Resources */ = {
			isa = PBXResourcesBuildPhase;
			buildActionMask = 2147483647;
			files = (
				7098E19A19E23EF900166675 /* Main.storyboard in Resources */,
				7098E19F19E23EF900166675 /* LaunchScreen.xib in Resources */,
				7098E1B519E23F1600166675 /* GRE149.plist in Resources */,
				7098E1B719E2465B00166675 /* GRE174.plist in Resources */,
				7098E19C19E23EF900166675 /* Images.xcassets in Resources */,
			);
			runOnlyForDeploymentPostprocessing = 0;
		};
		7098E1A219E23EFA00166675 /* Resources */ = {
			isa = PBXResourcesBuildPhase;
			buildActionMask = 2147483647;
			files = (
			);
			runOnlyForDeploymentPostprocessing = 0;
		};
/* End PBXResourcesBuildPhase section */

/* Begin PBXSourcesBuildPhase section */
		7098E18719E23EF900166675 /* Sources */ = {
			isa = PBXSourcesBuildPhase;
			buildActionMask = 2147483647;
			files = (
				7098E1BD19E2499D00166675 /* ArgumentViewController.m in Sources */,
				7098E1BA19E2492200166675 /* EssayViewController.m in Sources */,
				708D581E19E256310063A57F /* APRoundedButton.m in Sources */,
				7098E19719E23EF900166675 /* ViewController.m in Sources */,
				7098E19419E23EF900166675 /* AppDelegate.m in Sources */,
				7098E19119E23EF900166675 /* main.m in Sources */,
			);
			runOnlyForDeploymentPostprocessing = 0;
		};
		7098E1A019E23EFA00166675 /* Sources */ = {
			isa = PBXSourcesBuildPhase;
			buildActionMask = 2147483647;
			files = (
				7098E1AB19E23EFA00166675 /* GRE_WritingTests.m in Sources */,
			);
			runOnlyForDeploymentPostprocessing = 0;
		};
/* End PBXSourcesBuildPhase section */

/* Begin PBXTargetDependency section */
		7098E1A619E23EFA00166675 /* PBXTargetDependency */ = {
			isa = PBXTargetDependency;
			target = 7098E18A19E23EF900166675 /* GRE Writing */;
			targetProxy = 7098E1A519E23EFA00166675 /* PBXContainerItemProxy */;
		};
/* End PBXTargetDependency section */

/* Begin PBXVariantGroup section */
		7098E19819E23EF900166675 /* Main.storyboard */ = {
			isa = PBXVariantGroup;
			children = (
				7098E19919E23EF900166675 /* Base */,
			);
			name = Main.storyboard;
			sourceTree = "<group>";
		};
		7098E19D19E23EF900166675 /* LaunchScreen.xib */ = {
			isa = PBXVariantGroup;
			children = (
				7098E19E19E23EF900166675 /* Base */,
			);
			name = LaunchScreen.xib;
			sourceTree = "<group>";
		};
/* End PBXVariantGroup section */

/* Begin XCBuildConfiguration section */
		7098E1AC19E23EFA00166675 /* Debug */ = {
			isa = XCBuildConfiguration;
			buildSettings = {
				ALWAYS_SEARCH_USER_PATHS = NO;
				CLANG_CXX_LANGUAGE_STANDARD = "gnu++0x";
				CLANG_CXX_LIBRARY = "libc++";
				CLANG_ENABLE_MODULES = YES;
				CLANG_ENABLE_OBJC_ARC = YES;
				CLANG_WARN_BOOL_CONVERSION = YES;
				CLANG_WARN_CONSTANT_CONVERSION = YES;
				CLANG_WARN_DIRECT_OBJC_ISA_USAGE = YES_ERROR;
				CLANG_WARN_EMPTY_BODY = YES;
				CLANG_WARN_ENUM_CONVERSION = YES;
				CLANG_WARN_INT_CONVERSION = YES;
				CLANG_WARN_OBJC_ROOT_CLASS = YES_ERROR;
				CLANG_WARN_UNREACHABLE_CODE = YES;
				CLANG_WARN__DUPLICATE_METHOD_MATCH = YES;
				"CODE_SIGN_IDENTITY[sdk=iphoneos*]" = "iPhone Developer";
				COPY_PHASE_STRIP = NO;
				ENABLE_STRICT_OBJC_MSGSEND = YES;
				GCC_C_LANGUAGE_STANDARD = gnu99;
				GCC_DYNAMIC_NO_PIC = NO;
				GCC_OPTIMIZATION_LEVEL = 0;
				GCC_PREPROCESSOR_DEFINITIONS = (
					"DEBUG=1",
					"$(inherited)",
				);
				GCC_SYMBOLS_PRIVATE_EXTERN = NO;
				GCC_WARN_64_TO_32_BIT_CONVERSION = YES;
				GCC_WARN_ABOUT_RETURN_TYPE = YES_ERROR;
				GCC_WARN_UNDECLARED_SELECTOR = YES;
				GCC_WARN_UNINITIALIZED_AUTOS = YES_AGGRESSIVE;
				GCC_WARN_UNUSED_FUNCTION = YES;
				GCC_WARN_UNUSED_VARIABLE = YES;
				IPHONEOS_DEPLOYMENT_TARGET = 8.0;
				MTL_ENABLE_DEBUG_INFO = YES;
				ONLY_ACTIVE_ARCH = YES;
				SDKROOT = iphoneos;
			};
			name = Debug;
		};
		7098E1AD19E23EFA00166675 /* Release */ = {
			isa = XCBuildConfiguration;
			buildSettings = {
				ALWAYS_SEARCH_USER_PATHS = NO;
				CLANG_CXX_LANGUAGE_STANDARD = "gnu++0x";
				CLANG_CXX_LIBRARY = "libc++";
				CLANG_ENABLE_MODULES = YES;
				CLANG_ENABLE_OBJC_ARC = YES;
				CLANG_WARN_BOOL_CONVERSION = YES;
				CLANG_WARN_CONSTANT_CONVERSION = YES;
				CLANG_WARN_DIRECT_OBJC_ISA_USAGE = YES_ERROR;
				CLANG_WARN_EMPTY_BODY = YES;
				CLANG_WARN_ENUM_CONVERSION = YES;
				CLANG_WARN_INT_CONVERSION = YES;
				CLANG_WARN_OBJC_ROOT_CLASS = YES_ERROR;
				CLANG_WARN_UNREACHABLE_CODE = YES;
				CLANG_WARN__DUPLICATE_METHOD_MATCH = YES;
				"CODE_SIGN_IDENTITY[sdk=iphoneos*]" = "iPhone Developer";
				COPY_PHASE_STRIP = YES;
				ENABLE_NS_ASSERTIONS = NO;
				ENABLE_STRICT_OBJC_MSGSEND = YES;
				GCC_C_LANGUAGE_STANDARD = gnu99;
				GCC_WARN_64_TO_32_BIT_CONVERSION = YES;
				GCC_WARN_ABOUT_RETURN_TYPE = YES_ERROR;
				GCC_WARN_UNDECLARED_SELECTOR = YES;
				GCC_WARN_UNINITIALIZED_AUTOS = YES_AGGRESSIVE;
				GCC_WARN_UNUSED_FUNCTION = YES;
				GCC_WARN_UNUSED_VARIABLE = YES;
				IPHONEOS_DEPLOYMENT_TARGET = 8.0;
				MTL_ENABLE_DEBUG_INFO = NO;
				SDKROOT = iphoneos;
				VALIDATE_PRODUCT = YES;
			};
			name = Release;
		};
		7098E1AF19E23EFA00166675 /* Debug */ = {
			isa = XCBuildConfiguration;
			buildSettings = {
				ASSETCATALOG_COMPILER_APPICON_NAME = AppIcon;
				INFOPLIST_FILE = "GRE Writing/Info.plist";
				LD_RUNPATH_SEARCH_PATHS = "$(inherited) @executable_path/Frameworks";
				PRODUCT_NAME = "$(TARGET_NAME)";
			};
			name = Debug;
		};
		7098E1B019E23EFA00166675 /* Release */ = {
			isa = XCBuildConfiguration;
			buildSettings = {
				ASSETCATALOG_COMPILER_APPICON_NAME = AppIcon;
				INFOPLIST_FILE = "GRE Writing/Info.plist";
				LD_RUNPATH_SEARCH_PATHS = "$(inherited) @executable_path/Frameworks";
				PRODUCT_NAME = "$(TARGET_NAME)";
			};
			name = Release;
		};
		7098E1B219E23EFA00166675 /* Debug */ = {
			isa = XCBuildConfiguration;
			buildSettings = {
				BUNDLE_LOADER = "$(TEST_HOST)";
				FRAMEWORK_SEARCH_PATHS = (
					"$(SDKROOT)/Developer/Library/Frameworks",
					"$(inherited)",
				);
				GCC_PREPROCESSOR_DEFINITIONS = (
					"DEBUG=1",
					"$(inherited)",
				);
				INFOPLIST_FILE = "GRE WritingTests/Info.plist";
				LD_RUNPATH_SEARCH_PATHS = "$(inherited) @executable_path/Frameworks @loader_path/Frameworks";
				PRODUCT_NAME = "$(TARGET_NAME)";
				TEST_HOST = "$(BUILT_PRODUCTS_DIR)/GRE Writing.app/GRE Writing";
			};
			name = Debug;
		};
		7098E1B319E23EFA00166675 /* Release */ = {
			isa = XCBuildConfiguration;
			buildSettings = {
				BUNDLE_LOADER = "$(TEST_HOST)";
				FRAMEWORK_SEARCH_PATHS = (
					"$(SDKROOT)/Developer/Library/Frameworks",
					"$(inherited)",
				);
				INFOPLIST_FILE = "GRE WritingTests/Info.plist";
				LD_RUNPATH_SEARCH_PATHS = "$(inherited) @executable_path/Frameworks @loader_path/Frameworks";
				PRODUCT_NAME = "$(TARGET_NAME)";
				TEST_HOST = "$(BUILT_PRODUCTS_DIR)/GRE Writing.app/GRE Writing";
			};
			name = Release;
		};
/* End XCBuildConfiguration section */

/* Begin XCConfigurationList section */
		7098E18619E23EF900166675 /* Build configuration list for PBXProject "GRE Writing" */ = {
			isa = XCConfigurationList;
			buildConfigurations = (
				7098E1AC19E23EFA00166675 /* Debug */,
				7098E1AD19E23EFA00166675 /* Release */,
			);
			defaultConfigurationIsVisible = 0;
			defaultConfigurationName = Release;
		};
		7098E1AE19E23EFA00166675 /* Build configuration list for PBXNativeTarget "GRE Writing" */ = {
			isa = XCConfigurationList;
			buildConfigurations = (
				7098E1AF19E23EFA00166675 /* Debug */,
				7098E1B019E23EFA00166675 /* Release */,
			);
			defaultConfigurationIsVisible = 0;
			defaultConfigurationName = Release;
		};
		7098E1B119E23EFA00166675 /* Build configuration list for PBXNativeTarget "GRE WritingTests" */ = {
			isa = XCConfigurationList;
			buildConfigurations = (
				7098E1B219E23EFA00166675 /* Debug */,
				7098E1B319E23EFA00166675 /* Release */,
			);
			defaultConfigurationIsVisible = 0;
			defaultConfigurationName = Release;
		};
/* End XCConfigurationList section */
	};
	rootObject = 7098E18319E23EF900166675 /* Project object */;
}
